{
  "originHash" : "e49fc0ce24a821d88cf3d8e5f30ae3053c2afe47c250fae181f6321ec36a21ff",
  "pins" : [
    {
      "identity" : "busyindicator",
      "kind" : "remoteSourceControl",
      "location" : "https://github.com/jasonjrr/BusyIndicator.git",
      "state" : {
        "revision" : "f0b1147216f5e70bf770b6e450bc3f1cca3ee769",
        "version" : "2.0.1"
      }
    },
    {
      "identity" : "combineext",
      "kind" : "remoteSourceControl",
      "location" : "https://github.com/CombineCommunity/CombineExt",
      "state" : {
        "revision" : "d7b896fa9ca8b47fa7bcde6b43ef9b70bf8c1f56",
        "version" : "1.8.1"
      }
    },
    {
      "identity" : "swinject",
      "kind" : "remoteSourceControl",
      "location" : "https://github.com/Swinject/Swinject",
      "state" : {
        "revision" : "be9dbcc7b86811bc131539a20c6f9c2d3e56919f",
        "version" : "2.9.1"
      }
    }
  ],
  "version" : 3
}
